// !$*UTF8*$!
{
	archiveVersion = 1;
	classes = {
	};
	objectVersion = 55;
	objects = {

/* Begin PBXBuildFile section */
		964B527D2847DAF9005FB0CF /* BaseImageView.swift in Sources */ = {isa = PBXBuildFile; fileRef = 964B527C2847DAF9005FB0CF /* BaseImageView.swift */; };
		964B527F2847DB84005FB0CF /* BaseDragDropView.swift in Sources */ = {isa = PBXBuildFile; fileRef = 964B527E2847DB84005FB0CF /* BaseDragDropView.swift */; };
		964B52812847DBFC005FB0CF /* GPWelcomeView.swift in Sources */ = {isa = PBXBuildFile; fileRef = 964B52802847DBFC005FB0CF /* GPWelcomeView.swift */; };
		964B52832847DC26005FB0CF /* GPImageView.swift in Sources */ = {isa = PBXBuildFile; fileRef = 964B52822847DC26005FB0CF /* GPImageView.swift */; };
		965B9EB02841687B006FBA63 /* Extensions.swift in Sources */ = {isa = PBXBuildFile; fileRef = 965B9EAF2841687B006FBA63 /* Extensions.swift */; };
		96B4DAB6282F2C80005C0792 /* AppDelegate.swift in Sources */ = {isa = PBXBuildFile; fileRef = 96B4DAB5282F2C80005C0792 /* AppDelegate.swift */; };
		96B4DAB8282F2C80005C0792 /* ViewController.swift in Sources */ = {isa = PBXBuildFile; fileRef = 96B4DAB7282F2C80005C0792 /* ViewController.swift */; };
		96B4DABA282F2C80005C0792 /* Document.swift in Sources */ = {isa = PBXBuildFile; fileRef = 96B4DAB9282F2C80005C0792 /* Document.swift */; };
		96B4DABC282F2C81005C0792 /* Assets.xcassets in Resources */ = {isa = PBXBuildFile; fileRef = 96B4DABB282F2C81005C0792 /* Assets.xcassets */; };
		96B4DABF282F2C81005C0792 /* Main.storyboard in Resources */ = {isa = PBXBuildFile; fileRef = 96B4DABD282F2C81005C0792 /* Main.storyboard */; };
		96B72437283D976600F149DF /* Window.swift in Sources */ = {isa = PBXBuildFile; fileRef = 96B72436283D976600F149DF /* Window.swift */; };
		96B72439283D978E00F149DF /* WindowController.swift in Sources */ = {isa = PBXBuildFile; fileRef = 96B72438283D978E00F149DF /* WindowController.swift */; };
/* End PBXBuildFile section */

/* Begin PBXFileReference section */
		964B527C2847DAF9005FB0CF /* BaseImageView.swift */ = {isa = PBXFileReference; lastKnownFileType = sourcecode.swift; path = BaseImageView.swift; sourceTree = "<group>"; };
		964B527E2847DB84005FB0CF /* BaseDragDropView.swift */ = {isa = PBXFileReference; lastKnownFileType = sourcecode.swift; path = BaseDragDropView.swift; sourceTree = "<group>"; };
		964B52802847DBFC005FB0CF /* GPWelcomeView.swift */ = {isa = PBXFileReference; lastKnownFileType = sourcecode.swift; path = GPWelcomeView.swift; sourceTree = "<group>"; };
		964B52822847DC26005FB0CF /* GPImageView.swift */ = {isa = PBXFileReference; lastKnownFileType = sourcecode.swift; path = GPImageView.swift; sourceTree = "<group>"; };
		965B9EAF2841687B006FBA63 /* Extensions.swift */ = {isa = PBXFileReference; lastKnownFileType = sourcecode.swift; path = Extensions.swift; sourceTree = "<group>"; };
		96B4DAB2282F2C80005C0792 /* SilkScreen.app */ = {isa = PBXFileReference; explicitFileType = wrapper.application; includeInIndex = 0; path = SilkScreen.app; sourceTree = BUILT_PRODUCTS_DIR; };
		96B4DAB5282F2C80005C0792 /* AppDelegate.swift */ = {isa = PBXFileReference; lastKnownFileType = sourcecode.swift; path = AppDelegate.swift; sourceTree = "<group>"; };
		96B4DAB7282F2C80005C0792 /* ViewController.swift */ = {isa = PBXFileReference; lastKnownFileType = sourcecode.swift; path = ViewController.swift; sourceTree = "<group>"; };
		96B4DAB9282F2C80005C0792 /* Document.swift */ = {isa = PBXFileReference; lastKnownFileType = sourcecode.swift; path = Document.swift; sourceTree = "<group>"; };
		96B4DABB282F2C81005C0792 /* Assets.xcassets */ = {isa = PBXFileReference; lastKnownFileType = folder.assetcatalog; path = Assets.xcassets; sourceTree = "<group>"; };
		96B4DABE282F2C81005C0792 /* Base */ = {isa = PBXFileReference; lastKnownFileType = file.storyboard; name = Base; path = Base.lproj/Main.storyboard; sourceTree = "<group>"; };
		96B4DAC0282F2C81005C0792 /* Info.plist */ = {isa = PBXFileReference; lastKnownFileType = text.plist.xml; path = Info.plist; sourceTree = "<group>"; };
		96B4DAC1282F2C81005C0792 /* SilkScreen.entitlements */ = {isa = PBXFileReference; lastKnownFileType = text.plist.entitlements; path = SilkScreen.entitlements; sourceTree = "<group>"; };
		96B72436283D976600F149DF /* Window.swift */ = {isa = PBXFileReference; lastKnownFileType = sourcecode.swift; path = Window.swift; sourceTree = "<group>"; };
		96B72438283D978E00F149DF /* WindowController.swift */ = {isa = PBXFileReference; lastKnownFileType = sourcecode.swift; path = WindowController.swift; sourceTree = "<group>"; };
		96B9AA5328789AA700175C2A /* xcode-build */ = {isa = PBXFileReference; lastKnownFileType = text; path = "xcode-build"; sourceTree = "<group>"; };
		96B9AA5428789AA700175C2A /* get-scheme */ = {isa = PBXFileReference; lastKnownFileType = text; path = "get-scheme"; sourceTree = "<group>"; };
		96B9AA5528789AA700175C2A /* generate-release-config */ = {isa = PBXFileReference; lastKnownFileType = text; path = "generate-release-config"; sourceTree = "<group>"; };
		96B9AA562878A1AA00175C2A /* Default.xcconfig */ = {isa = PBXFileReference; fileEncoding = 4; lastKnownFileType = text.xcconfig; path = Default.xcconfig; sourceTree = "<group>"; };
/* End PBXFileReference section */

/* Begin PBXFrameworksBuildPhase section */
		96B4DAAF282F2C80005C0792 /* Frameworks */ = {
			isa = PBXFrameworksBuildPhase;
			buildActionMask = 2147483647;
			files = (
			);
			runOnlyForDeploymentPostprocessing = 0;
		};
/* End PBXFrameworksBuildPhase section */

/* Begin PBXGroup section */
		964B527B2847DAA1005FB0CF /* Views */ = {
			isa = PBXGroup;
			children = (
				964B527C2847DAF9005FB0CF /* BaseImageView.swift */,
				964B527E2847DB84005FB0CF /* BaseDragDropView.swift */,
				964B52802847DBFC005FB0CF /* GPWelcomeView.swift */,
				964B52822847DC26005FB0CF /* GPImageView.swift */,
			);
			path = Views;
			sourceTree = "<group>";
		};
		96B4DAA9282F2C80005C0792 = {
			isa = PBXGroup;
			children = (
				96B9AA4E2878994400175C2A /* Assets */,
				96B9AA4F2878994F00175C2A /* Config */,
				96B9AA5228789AA700175C2A /* Scripts */,
				96B4DAB4282F2C80005C0792 /* Sources */,
				96B4DAB3282F2C80005C0792 /* Products */,
			);
			sourceTree = "<group>";
		};
		96B4DAB3282F2C80005C0792 /* Products */ = {
			isa = PBXGroup;
			children = (
				96B4DAB2282F2C80005C0792 /* SilkScreen.app */,
			);
			name = Products;
			sourceTree = "<group>";
		};
		96B4DAB4282F2C80005C0792 /* Sources */ = {
			isa = PBXGroup;
			children = (
				964B527B2847DAA1005FB0CF /* Views */,
				96B4DAB5282F2C80005C0792 /* AppDelegate.swift */,
				96B4DAB7282F2C80005C0792 /* ViewController.swift */,
				96B72438283D978E00F149DF /* WindowController.swift */,
				96B4DAB9282F2C80005C0792 /* Document.swift */,
				96B72436283D976600F149DF /* Window.swift */,
				965B9EAF2841687B006FBA63 /* Extensions.swift */,
				96B4DABD282F2C81005C0792 /* Main.storyboard */,
			);
			path = Sources;
			sourceTree = "<group>";
		};
		96B9AA4E2878994400175C2A /* Assets */ = {
			isa = PBXGroup;
			children = (
				96B4DABB282F2C81005C0792 /* Assets.xcassets */,
			);
			path = Assets;
			sourceTree = "<group>";
		};
		96B9AA4F2878994F00175C2A /* Config */ = {
			isa = PBXGroup;
			children = (
				96B9AA562878A1AA00175C2A /* Default.xcconfig */,
				96B4DAC0282F2C81005C0792 /* Info.plist */,
				96B4DAC1282F2C81005C0792 /* SilkScreen.entitlements */,
			);
			path = Config;
			sourceTree = "<group>";
		};
		96B9AA5228789AA700175C2A /* Scripts */ = {
			isa = PBXGroup;
			children = (
				96B9AA5328789AA700175C2A /* xcode-build */,
				96B9AA5428789AA700175C2A /* get-scheme */,
				96B9AA5528789AA700175C2A /* generate-release-config */,
			);
			path = Scripts;
			sourceTree = SOURCE_ROOT;
		};
/* End PBXGroup section */

/* Begin PBXNativeTarget section */
		96B4DAB1282F2C80005C0792 /* SilkScreen */ = {
			isa = PBXNativeTarget;
			buildConfigurationList = 96B4DAC4282F2C81005C0792 /* Build configuration list for PBXNativeTarget "SilkScreen" */;
			buildPhases = (
				96B4DAAE282F2C80005C0792 /* Sources */,
				96B4DAAF282F2C80005C0792 /* Frameworks */,
				96B4DAB0282F2C80005C0792 /* Resources */,
			);
			buildRules = (
			);
			dependencies = (
			);
			name = SilkScreen;
			productName = SilkScreen;
			productReference = 96B4DAB2282F2C80005C0792 /* SilkScreen.app */;
			productType = "com.apple.product-type.application";
		};
/* End PBXNativeTarget section */

/* Begin PBXProject section */
		96B4DAAA282F2C80005C0792 /* Project object */ = {
			isa = PBXProject;
			attributes = {
				BuildIndependentTargetsInParallel = 1;
				LastSwiftUpdateCheck = 1330;
				LastUpgradeCheck = 1340;
				TargetAttributes = {
					96B4DAB1282F2C80005C0792 = {
						CreatedOnToolsVersion = 13.3.1;
					};
				};
			};
			buildConfigurationList = 96B4DAAD282F2C80005C0792 /* Build configuration list for PBXProject "SilkScreen" */;
			compatibilityVersion = "Xcode 13.0";
			developmentRegion = en;
			hasScannedForEncodings = 0;
			knownRegions = (
				en,
				Base,
			);
			mainGroup = 96B4DAA9282F2C80005C0792;
			productRefGroup = 96B4DAB3282F2C80005C0792 /* Products */;
			projectDirPath = "";
			projectRoot = "";
			targets = (
				96B4DAB1282F2C80005C0792 /* SilkScreen */,
			);
		};
/* End PBXProject section */

/* Begin PBXResourcesBuildPhase section */
		96B4DAB0282F2C80005C0792 /* Resources */ = {
			isa = PBXResourcesBuildPhase;
			buildActionMask = 2147483647;
			files = (
				96B4DABC282F2C81005C0792 /* Assets.xcassets in Resources */,
				96B4DABF282F2C81005C0792 /* Main.storyboard in Resources */,
			);
			runOnlyForDeploymentPostprocessing = 0;
		};
/* End PBXResourcesBuildPhase section */

/* Begin PBXSourcesBuildPhase section */
		96B4DAAE282F2C80005C0792 /* Sources */ = {
			isa = PBXSourcesBuildPhase;
			buildActionMask = 2147483647;
			files = (
				964B52812847DBFC005FB0CF /* GPWelcomeView.swift in Sources */,
				96B72437283D976600F149DF /* Window.swift in Sources */,
				96B4DAB8282F2C80005C0792 /* ViewController.swift in Sources */,
				96B72439283D978E00F149DF /* WindowController.swift in Sources */,
				96B4DAB6282F2C80005C0792 /* AppDelegate.swift in Sources */,
				96B4DABA282F2C80005C0792 /* Document.swift in Sources */,
				964B52832847DC26005FB0CF /* GPImageView.swift in Sources */,
				965B9EB02841687B006FBA63 /* Extensions.swift in Sources */,
				964B527F2847DB84005FB0CF /* BaseDragDropView.swift in Sources */,
				964B527D2847DAF9005FB0CF /* BaseImageView.swift in Sources */,
			);
			runOnlyForDeploymentPostprocessing = 0;
		};
/* End PBXSourcesBuildPhase section */

/* Begin PBXVariantGroup section */
		96B4DABD282F2C81005C0792 /* Main.storyboard */ = {
			isa = PBXVariantGroup;
			children = (
				96B4DABE282F2C81005C0792 /* Base */,
			);
			name = Main.storyboard;
			sourceTree = "<group>";
		};
/* End PBXVariantGroup section */

/* Begin XCBuildConfiguration section */
		96B4DAC2282F2C81005C0792 /* Debug */ = {
			isa = XCBuildConfiguration;
			buildSettings = {
				ALWAYS_SEARCH_USER_PATHS = NO;
				CLANG_ANALYZER_NONNULL = YES;
				CLANG_ANALYZER_NUMBER_OBJECT_CONVERSION = YES_AGGRESSIVE;
				CLANG_CXX_LANGUAGE_STANDARD = "gnu++17";
				CLANG_ENABLE_MODULES = YES;
				CLANG_ENABLE_OBJC_ARC = YES;
				CLANG_ENABLE_OBJC_WEAK = YES;
				CLANG_WARN_BLOCK_CAPTURE_AUTORELEASING = YES;
				CLANG_WARN_BOOL_CONVERSION = YES;
				CLANG_WARN_COMMA = YES;
				CLANG_WARN_CONSTANT_CONVERSION = YES;
				CLANG_WARN_DEPRECATED_OBJC_IMPLEMENTATIONS = YES;
				CLANG_WARN_DIRECT_OBJC_ISA_USAGE = YES_ERROR;
				CLANG_WARN_DOCUMENTATION_COMMENTS = YES;
				CLANG_WARN_EMPTY_BODY = YES;
				CLANG_WARN_ENUM_CONVERSION = YES;
				CLANG_WARN_INFINITE_RECURSION = YES;
				CLANG_WARN_INT_CONVERSION = YES;
				CLANG_WARN_NON_LITERAL_NULL_CONVERSION = YES;
				CLANG_WARN_OBJC_IMPLICIT_RETAIN_SELF = YES;
				CLANG_WARN_OBJC_LITERAL_CONVERSION = YES;
				CLANG_WARN_OBJC_ROOT_CLASS = YES_ERROR;
				CLANG_WARN_QUOTED_INCLUDE_IN_FRAMEWORK_HEADER = YES;
				CLANG_WARN_RANGE_LOOP_ANALYSIS = YES;
				CLANG_WARN_STRICT_PROTOTYPES = YES;
				CLANG_WARN_SUSPICIOUS_MOVE = YES;
				CLANG_WARN_UNGUARDED_AVAILABILITY = YES_AGGRESSIVE;
				CLANG_WARN_UNREACHABLE_CODE = YES;
				CLANG_WARN__DUPLICATE_METHOD_MATCH = YES;
				COPY_PHASE_STRIP = NO;
				DEBUG_INFORMATION_FORMAT = dwarf;
				ENABLE_STRICT_OBJC_MSGSEND = YES;
				ENABLE_TESTABILITY = YES;
				GCC_C_LANGUAGE_STANDARD = gnu11;
				GCC_DYNAMIC_NO_PIC = NO;
				GCC_NO_COMMON_BLOCKS = YES;
				GCC_OPTIMIZATION_LEVEL = 0;
				GCC_PREPROCESSOR_DEFINITIONS = (
					"DEBUG=1",
					"$(inherited)",
				);
				GCC_WARN_64_TO_32_BIT_CONVERSION = YES;
				GCC_WARN_ABOUT_RETURN_TYPE = YES_ERROR;
				GCC_WARN_UNDECLARED_SELECTOR = YES;
				GCC_WARN_UNINITIALIZED_AUTOS = YES_AGGRESSIVE;
				GCC_WARN_UNUSED_FUNCTION = YES;
				GCC_WARN_UNUSED_VARIABLE = YES;
				INFOPLIST_KEY_LSApplicationCategoryType = "public.app-category.utilities";
				MACOSX_DEPLOYMENT_TARGET = 11.0;
				MTL_ENABLE_DEBUG_INFO = INCLUDE_SOURCE;
				MTL_FAST_MATH = YES;
				ONLY_ACTIVE_ARCH = YES;
				SDKROOT = macosx;
				SWIFT_ACTIVE_COMPILATION_CONDITIONS = DEBUG;
				SWIFT_OPTIMIZATION_LEVEL = "-Onone";
			};
			name = Debug;
		};
		96B4DAC3282F2C81005C0792 /* Release */ = {
			isa = XCBuildConfiguration;
			buildSettings = {
				ALWAYS_SEARCH_USER_PATHS = NO;
				CLANG_ANALYZER_NONNULL = YES;
				CLANG_ANALYZER_NUMBER_OBJECT_CONVERSION = YES_AGGRESSIVE;
				CLANG_CXX_LANGUAGE_STANDARD = "gnu++17";
				CLANG_ENABLE_MODULES = YES;
				CLANG_ENABLE_OBJC_ARC = YES;
				CLANG_ENABLE_OBJC_WEAK = YES;
				CLANG_WARN_BLOCK_CAPTURE_AUTORELEASING = YES;
				CLANG_WARN_BOOL_CONVERSION = YES;
				CLANG_WARN_COMMA = YES;
				CLANG_WARN_CONSTANT_CONVERSION = YES;
				CLANG_WARN_DEPRECATED_OBJC_IMPLEMENTATIONS = YES;
				CLANG_WARN_DIRECT_OBJC_ISA_USAGE = YES_ERROR;
				CLANG_WARN_DOCUMENTATION_COMMENTS = YES;
				CLANG_WARN_EMPTY_BODY = YES;
				CLANG_WARN_ENUM_CONVERSION = YES;
				CLANG_WARN_INFINITE_RECURSION = YES;
				CLANG_WARN_INT_CONVERSION = YES;
				CLANG_WARN_NON_LITERAL_NULL_CONVERSION = YES;
				CLANG_WARN_OBJC_IMPLICIT_RETAIN_SELF = YES;
				CLANG_WARN_OBJC_LITERAL_CONVERSION = YES;
				CLANG_WARN_OBJC_ROOT_CLASS = YES_ERROR;
				CLANG_WARN_QUOTED_INCLUDE_IN_FRAMEWORK_HEADER = YES;
				CLANG_WARN_RANGE_LOOP_ANALYSIS = YES;
				CLANG_WARN_STRICT_PROTOTYPES = YES;
				CLANG_WARN_SUSPICIOUS_MOVE = YES;
				CLANG_WARN_UNGUARDED_AVAILABILITY = YES_AGGRESSIVE;
				CLANG_WARN_UNREACHABLE_CODE = YES;
				CLANG_WARN__DUPLICATE_METHOD_MATCH = YES;
				COPY_PHASE_STRIP = NO;
				DEBUG_INFORMATION_FORMAT = "dwarf-with-dsym";
				ENABLE_NS_ASSERTIONS = NO;
				ENABLE_STRICT_OBJC_MSGSEND = YES;
				GCC_C_LANGUAGE_STANDARD = gnu11;
				GCC_NO_COMMON_BLOCKS = YES;
				GCC_WARN_64_TO_32_BIT_CONVERSION = YES;
				GCC_WARN_ABOUT_RETURN_TYPE = YES_ERROR;
				GCC_WARN_UNDECLARED_SELECTOR = YES;
				GCC_WARN_UNINITIALIZED_AUTOS = YES_AGGRESSIVE;
				GCC_WARN_UNUSED_FUNCTION = YES;
				GCC_WARN_UNUSED_VARIABLE = YES;
				INFOPLIST_KEY_LSApplicationCategoryType = "public.app-category.utilities";
				MACOSX_DEPLOYMENT_TARGET = 11.0;
				MTL_ENABLE_DEBUG_INFO = NO;
				MTL_FAST_MATH = YES;
				SDKROOT = macosx;
				SWIFT_COMPILATION_MODE = wholemodule;
				SWIFT_OPTIMIZATION_LEVEL = "-O";
			};
			name = Release;
		};
		96B4DAC5282F2C81005C0792 /* Debug */ = {
			isa = XCBuildConfiguration;
			baseConfigurationReference = 96B9AA562878A1AA00175C2A /* Default.xcconfig */;
			buildSettings = {
				ASSETCATALOG_COMPILER_APPICON_NAME = AppIcon;
				ASSETCATALOG_COMPILER_GLOBAL_ACCENT_COLOR_NAME = AccentColor;
				CODE_SIGN_ENTITLEMENTS = Config/SilkScreen.entitlements;
				COMBINE_HIDPI_IMAGES = YES;
				ENABLE_APP_SANDBOX = YES;
				ENABLE_HARDENED_RUNTIME = YES;
				GENERATE_INFOPLIST_FILE = YES;
				INFOPLIST_FILE = Config/Info.plist;
				INFOPLIST_KEY_LSApplicationCategoryType = "public.app-category.utilities";
				INFOPLIST_KEY_NSHumanReadableCopyright = "Copyright © 2022 Leonardo Dino\nAll rights reserved.";
				INFOPLIST_KEY_NSMainStoryboardFile = Main;
				INFOPLIST_KEY_NSPrincipalClass = NSApplication;
				LD_RUNPATH_SEARCH_PATHS = (
					"$(inherited)",
					"@executable_path/../Frameworks",
				);
				PRODUCT_NAME = "$(TARGET_NAME)";
				SWIFT_EMIT_LOC_STRINGS = YES;
				SWIFT_VERSION = 5.0;
			};
			name = Debug;
		};
		96B4DAC6282F2C81005C0792 /* Release */ = {
			isa = XCBuildConfiguration;
			baseConfigurationReference = 96B9AA562878A1AA00175C2A /* Default.xcconfig */;
			buildSettings = {
				ASSETCATALOG_COMPILER_APPICON_NAME = AppIcon;
				ASSETCATALOG_COMPILER_GLOBAL_ACCENT_COLOR_NAME = AccentColor;
				CODE_SIGN_ENTITLEMENTS = Config/SilkScreen.entitlements;
				COMBINE_HIDPI_IMAGES = YES;
				ENABLE_APP_SANDBOX = YES;
				ENABLE_HARDENED_RUNTIME = YES;
				GENERATE_INFOPLIST_FILE = YES;
				INFOPLIST_FILE = Config/Info.plist;
				INFOPLIST_KEY_LSApplicationCategoryType = "public.app-category.utilities";
				INFOPLIST_KEY_NSHumanReadableCopyright = "Copyright © 2022 Leonardo Dino\nAll rights reserved.";
				INFOPLIST_KEY_NSMainStoryboardFile = Main;
				INFOPLIST_KEY_NSPrincipalClass = NSApplication;
				LD_RUNPATH_SEARCH_PATHS = (
					"$(inherited)",
					"@executable_path/../Frameworks",
				);
				PRODUCT_NAME = "$(TARGET_NAME)";
				SWIFT_EMIT_LOC_STRINGS = YES;
				SWIFT_VERSION = 5.0;
			};
			name = Release;
		};
/* End XCBuildConfiguration section */

/* Begin XCConfigurationList section */
		96B4DAAD282F2C80005C0792 /* Build configuration list for PBXProject "SilkScreen" */ = {
			isa = XCConfigurationList;
			buildConfigurations = (
				96B4DAC2282F2C81005C0792 /* Debug */,
				96B4DAC3282F2C81005C0792 /* Release */,
			);
			defaultConfigurationIsVisible = 0;
			defaultConfigurationName = Release;
		};
		96B4DAC4282F2C81005C0792 /* Build configuration list for PBXNativeTarget "SilkScreen" */ = {
			isa = XCConfigurationList;
			buildConfigurations = (
				96B4DAC5282F2C81005C0792 /* Debug */,
				96B4DAC6282F2C81005C0792 /* Release */,
			);
			defaultConfigurationIsVisible = 0;
			defaultConfigurationName = Release;
		};
/* End XCConfigurationList section */
	};
	rootObject = 96B4DAAA282F2C80005C0792 /* Project object */;
}
